github.com/yudintsevegor/testmod v1.0.1 h1:TDG64gBxGdjeEHPPb2dutA4TqSbDjqnvzDN+cy5Egzw=
github.com/yudintsevegor/testmod v1.0.1/go.mod h1:kxDStk0LnmMaISk1cD8ZzZZAEIni/cADp3qyMhWCJMM=
github.com/yudintsevegor/testmod v1.0.2-0.20200314084323-0dea1b144796 h1:YvBq0LTcoONfqLGtS3yHU4cJgYLxK4lhh5W/m0g7jdw=
github.com/yudintsevegor/testmod v1.0.2-0.20200314084323-0dea1b144796/go.mod h1:kxDStk0LnmMaISk1cD8ZzZZAEIni/cADp3qyMhWCJMM=
